// !$*UTF8*$!
{
	archiveVersion = 1;
	classes = {
	};
	objectVersion = 46;
	objects = {

/* Begin PBXBuildFile section */
		27FD16501A0C4DB900689AB1 /* AppDelegate.swift in Sources */ = {isa = PBXBuildFile; fileRef = 27FD164F1A0C4DB900689AB1 /* AppDelegate.swift */; };
		27FD16551A0C4DB900689AB1 /* Main.storyboard in Resources */ = {isa = PBXBuildFile; fileRef = 27FD16531A0C4DB900689AB1 /* Main.storyboard */; };
		27FD16571A0C4DB900689AB1 /* Images.xcassets in Resources */ = {isa = PBXBuildFile; fileRef = 27FD16561A0C4DB900689AB1 /* Images.xcassets */; };
		27FD165A1A0C4DB900689AB1 /* LaunchScreen.xib in Resources */ = {isa = PBXBuildFile; fileRef = 27FD16581A0C4DB900689AB1 /* LaunchScreen.xib */; };
		27FD16661A0C4DB900689AB1 /* errorCodesTests.swift in Sources */ = {isa = PBXBuildFile; fileRef = 27FD16651A0C4DB900689AB1 /* errorCodesTests.swift */; };
/* End PBXBuildFile section */

/* Begin PBXContainerItemProxy section */
		27FD16601A0C4DB900689AB1 /* PBXContainerItemProxy */ = {
			isa = PBXContainerItemProxy;
			containerPortal = 27FD16421A0C4DB900689AB1 /* Project object */;
			proxyType = 1;
			remoteGlobalIDString = 27FD16491A0C4DB900689AB1;
			remoteInfo = errorCodes;
		};
/* End PBXContainerItemProxy section */

/* Begin PBXFileReference section */
		27FD164A1A0C4DB900689AB1 /* errorCodes.app */ = {isa = PBXFileReference; explicitFileType = wrapper.application; includeInIndex = 0; path = errorCodes.app; sourceTree = BUILT_PRODUCTS_DIR; };
		27FD164E1A0C4DB900689AB1 /* Info.plist */ = {isa = PBXFileReference; lastKnownFileType = text.plist.xml; path = Info.plist; sourceTree = "<group>"; };
		27FD164F1A0C4DB900689AB1 /* AppDelegate.swift */ = {isa = PBXFileReference; lastKnownFileType = sourcecode.swift; path = AppDelegate.swift; sourceTree = "<group>"; };
		27FD16541A0C4DB900689AB1 /* Base */ = {isa = PBXFileReference; lastKnownFileType = file.storyboard; name = Base; path = Base.lproj/Main.storyboard; sourceTree = "<group>"; };
		27FD16561A0C4DB900689AB1 /* Images.xcassets */ = {isa = PBXFileReference; lastKnownFileType = folder.assetcatalog; path = Images.xcassets; sourceTree = "<group>"; };
		27FD16591A0C4DB900689AB1 /* Base */ = {isa = PBXFileReference; lastKnownFileType = file.xib; name = Base; path = Base.lproj/LaunchScreen.xib; sourceTree = "<group>"; };
		27FD165F1A0C4DB900689AB1 /* errorCodesTests.xctest */ = {isa = PBXFileReference; explicitFileType = wrapper.cfbundle; includeInIndex = 0; path = errorCodesTests.xctest; sourceTree = BUILT_PRODUCTS_DIR; };
		27FD16641A0C4DB900689AB1 /* Info.plist */ = {isa = PBXFileReference; lastKnownFileType = text.plist.xml; path = Info.plist; sourceTree = "<group>"; };
		27FD16651A0C4DB900689AB1 /* errorCodesTests.swift */ = {isa = PBXFileReference; lastKnownFileType = sourcecode.swift; path = errorCodesTests.swift; sourceTree = "<group>"; };
/* End PBXFileReference section */

/* Begin PBXFrameworksBuildPhase section */
		27FD16471A0C4DB900689AB1 /* Frameworks */ = {
			isa = PBXFrameworksBuildPhase;
			buildActionMask = 2147483647;
			files = (
			);
			runOnlyForDeploymentPostprocessing = 0;
		};
		27FD165C1A0C4DB900689AB1 /* Frameworks */ = {
			isa = PBXFrameworksBuildPhase;
			buildActionMask = 2147483647;
			files = (
			);
			runOnlyForDeploymentPostprocessing = 0;
		};
/* End PBXFrameworksBuildPhase section */

/* Begin PBXGroup section */
		27FD16411A0C4DB900689AB1 = {
			isa = PBXGroup;
			children = (
				27FD164C1A0C4DB900689AB1 /* errorCodes */,
				27FD16621A0C4DB900689AB1 /* errorCodesTests */,
				27FD164B1A0C4DB900689AB1 /* Products */,
			);
			sourceTree = "<group>";
		};
		27FD164B1A0C4DB900689AB1 /* Products */ = {
			isa = PBXGroup;
			children = (
				27FD164A1A0C4DB900689AB1 /* errorCodes.app */,
				27FD165F1A0C4DB900689AB1 /* errorCodesTests.xctest */,
			);
			name = Products;
			sourceTree = "<group>";
		};
		27FD164C1A0C4DB900689AB1 /* errorCodes */ = {
			isa = PBXGroup;
			children = (
				27FD164F1A0C4DB900689AB1 /* AppDelegate.swift */,
				27FD16531A0C4DB900689AB1 /* Main.storyboard */,
				27FD16561A0C4DB900689AB1 /* Images.xcassets */,
				27FD16581A0C4DB900689AB1 /* LaunchScreen.xib */,
				27FD164D1A0C4DB900689AB1 /* Supporting Files */,
			);
			path = errorCodes;
			sourceTree = "<group>";
		};
		27FD164D1A0C4DB900689AB1 /* Supporting Files */ = {
			isa = PBXGroup;
			children = (
				27FD164E1A0C4DB900689AB1 /* Info.plist */,
			);
			name = "Supporting Files";
			sourceTree = "<group>";
		};
		27FD16621A0C4DB900689AB1 /* errorCodesTests */ = {
			isa = PBXGroup;
			children = (
				27FD16651A0C4DB900689AB1 /* errorCodesTests.swift */,
				27FD16631A0C4DB900689AB1 /* Supporting Files */,
			);
			path = errorCodesTests;
			sourceTree = "<group>";
		};
		27FD16631A0C4DB900689AB1 /* Supporting Files */ = {
			isa = PBXGroup;
			children = (
				27FD16641A0C4DB900689AB1 /* Info.plist */,
			);
			name = "Supporting Files";
			sourceTree = "<group>";
		};
/* End PBXGroup section */

/* Begin PBXNativeTarget section */
		27FD16491A0C4DB900689AB1 /* errorCodes */ = {
			isa = PBXNativeTarget;
			buildConfigurationList = 27FD16691A0C4DB900689AB1 /* Build configuration list for PBXNativeTarget "errorCodes" */;
			buildPhases = (
				27FD16461A0C4DB900689AB1 /* Sources */,
				27FD16471A0C4DB900689AB1 /* Frameworks */,
				27FD16481A0C4DB900689AB1 /* Resources */,
			);
			buildRules = (
			);
			dependencies = (
			);
			name = errorCodes;
			productName = errorCodes;
			productReference = 27FD164A1A0C4DB900689AB1 /* errorCodes.app */;
			productType = "com.apple.product-type.application";
		};
		27FD165E1A0C4DB900689AB1 /* errorCodesTests */ = {
			isa = PBXNativeTarget;
			buildConfigurationList = 27FD166C1A0C4DB900689AB1 /* Build configuration list for PBXNativeTarget "errorCodesTests" */;
			buildPhases = (
				27FD165B1A0C4DB900689AB1 /* Sources */,
				27FD165C1A0C4DB900689AB1 /* Frameworks */,
				27FD165D1A0C4DB900689AB1 /* Resources */,
			);
			buildRules = (
			);
			dependencies = (
				27FD16611A0C4DB900689AB1 /* PBXTargetDependency */,
			);
			name = errorCodesTests;
			productName = errorCodesTests;
			productReference = 27FD165F1A0C4DB900689AB1 /* errorCodesTests.xctest */;
			productType = "com.apple.product-type.bundle.unit-test";
		};
/* End PBXNativeTarget section */

/* Begin PBXProject section */
		27FD16421A0C4DB900689AB1 /* Project object */ = {
			isa = PBXProject;
			attributes = {
				LastUpgradeCheck = 0610;
				ORGANIZATIONNAME = "Tanveer Bashir";
				TargetAttributes = {
					27FD16491A0C4DB900689AB1 = {
						CreatedOnToolsVersion = 6.1;
					};
					27FD165E1A0C4DB900689AB1 = {
						CreatedOnToolsVersion = 6.1;
						TestTargetID = 27FD16491A0C4DB900689AB1;
					};
				};
			};
			buildConfigurationList = 27FD16451A0C4DB900689AB1 /* Build configuration list for PBXProject "errorCodes" */;
			compatibilityVersion = "Xcode 3.2";
			developmentRegion = English;
			hasScannedForEncodings = 0;
			knownRegions = (
				en,
				Base,
			);
			mainGroup = 27FD16411A0C4DB900689AB1;
			productRefGroup = 27FD164B1A0C4DB900689AB1 /* Products */;
			projectDirPath = "";
			projectRoot = "";
			targets = (
				27FD16491A0C4DB900689AB1 /* errorCodes */,
				27FD165E1A0C4DB900689AB1 /* errorCodesTests */,
			);
		};
/* End PBXProject section */

/* Begin PBXResourcesBuildPhase section */
		27FD16481A0C4DB900689AB1 /* Resources */ = {
			isa = PBXResourcesBuildPhase;
			buildActionMask = 2147483647;
			files = (
				27FD16551A0C4DB900689AB1 /* Main.storyboard in Resources */,
				27FD165A1A0C4DB900689AB1 /* LaunchScreen.xib in Resources */,
				27FD16571A0C4DB900689AB1 /* Images.xcassets in Resources */,
			);
			runOnlyForDeploymentPostprocessing = 0;
		};
		27FD165D1A0C4DB900689AB1 /* Resources */ = {
			isa = PBXResourcesBuildPhase;
			buildActionMask = 2147483647;
			files = (
			);
			runOnlyForDeploymentPostprocessing = 0;
		};
/* End PBXResourcesBuildPhase section */

/* Begin PBXSourcesBuildPhase section */
		27FD16461A0C4DB900689AB1 /* Sources */ = {
			isa = PBXSourcesBuildPhase;
			buildActionMask = 2147483647;
			files = (
				27FD16501A0C4DB900689AB1 /* AppDelegate.swift in Sources */,
			);
			runOnlyForDeploymentPostprocessing = 0;
		};
		27FD165B1A0C4DB900689AB1 /* Sources */ = {
			isa = PBXSourcesBuildPhase;
			buildActionMask = 2147483647;
			files = (
				27FD16661A0C4DB900689AB1 /* errorCodesTests.swift in Sources */,
			);
			runOnlyForDeploymentPostprocessing = 0;
		};
/* End PBXSourcesBuildPhase section */

/* Begin PBXTargetDependency section */
		27FD16611A0C4DB900689AB1 /* PBXTargetDependency */ = {
			isa = PBXTargetDependency;
			target = 27FD16491A0C4DB900689AB1 /* errorCodes */;
			targetProxy = 27FD16601A0C4DB900689AB1 /* PBXContainerItemProxy */;
		};
/* End PBXTargetDependency section */

/* Begin PBXVariantGroup section */
		27FD16531A0C4DB900689AB1 /* Main.storyboard */ = {
			isa = PBXVariantGroup;
			children = (
				27FD16541A0C4DB900689AB1 /* Base */,
			);
			name = Main.storyboard;
			sourceTree = "<group>";
		};
		27FD16581A0C4DB900689AB1 /* LaunchScreen.xib */ = {
			isa = PBXVariantGroup;
			children = (
				27FD16591A0C4DB900689AB1 /* Base */,
			);
			name = LaunchScreen.xib;
			sourceTree = "<group>";
		};
/* End PBXVariantGroup section */

/* Begin XCBuildConfiguration section */
		27FD16671A0C4DB900689AB1 /* Debug */ = {
			isa = XCBuildConfiguration;
			buildSettings = {
				ALWAYS_SEARCH_USER_PATHS = NO;
				CLANG_CXX_LANGUAGE_STANDARD = "gnu++0x";
				CLANG_CXX_LIBRARY = "libc++";
				CLANG_ENABLE_MODULES = YES;
				CLANG_ENABLE_OBJC_ARC = YES;
				CLANG_WARN_BOOL_CONVERSION = YES;
				CLANG_WARN_CONSTANT_CONVERSION = YES;
				CLANG_WARN_DIRECT_OBJC_ISA_USAGE = YES_ERROR;
				CLANG_WARN_EMPTY_BODY = YES;
				CLANG_WARN_ENUM_CONVERSION = YES;
				CLANG_WARN_INT_CONVERSION = YES;
				CLANG_WARN_OBJC_ROOT_CLASS = YES_ERROR;
				CLANG_WARN_UNREACHABLE_CODE = YES;
				CLANG_WARN__DUPLICATE_METHOD_MATCH = YES;
				"CODE_SIGN_IDENTITY[sdk=iphoneos*]" = "iPhone Developer";
				COPY_PHASE_STRIP = NO;
				ENABLE_STRICT_OBJC_MSGSEND = YES;
				GCC_C_LANGUAGE_STANDARD = gnu99;
				GCC_DYNAMIC_NO_PIC = NO;
				GCC_OPTIMIZATION_LEVEL = 0;
				GCC_PREPROCESSOR_DEFINITIONS = (
					"DEBUG=1",
					"$(inherited)",
				);
				GCC_SYMBOLS_PRIVATE_EXTERN = NO;
				GCC_WARN_64_TO_32_BIT_CONVERSION = YES;
				GCC_WARN_ABOUT_RETURN_TYPE = YES_ERROR;
				GCC_WARN_UNDECLARED_SELECTOR = YES;
				GCC_WARN_UNINITIALIZED_AUTOS = YES_AGGRESSIVE;
				GCC_WARN_UNUSED_FUNCTION = YES;
				GCC_WARN_UNUSED_VARIABLE = YES;
				IPHONEOS_DEPLOYMENT_TARGET = 8.1;
				MTL_ENABLE_DEBUG_INFO = YES;
				ONLY_ACTIVE_ARCH = YES;
				SDKROOT = iphoneos;
				SWIFT_OPTIMIZATION_LEVEL = "-Onone";
			};
			name = Debug;
		};
		27FD16681A0C4DB900689AB1 /* Release */ = {
			isa = XCBuildConfiguration;
			buildSettings = {
				ALWAYS_SEARCH_USER_PATHS = NO;
				CLANG_CXX_LANGUAGE_STANDARD = "gnu++0x";
				CLANG_CXX_LIBRARY = "libc++";
				CLANG_ENABLE_MODULES = YES;
				CLANG_ENABLE_OBJC_ARC = YES;
				CLANG_WARN_BOOL_CONVERSION = YES;
				CLANG_WARN_CONSTANT_CONVERSION = YES;
				CLANG_WARN_DIRECT_OBJC_ISA_USAGE = YES_ERROR;
				CLANG_WARN_EMPTY_BODY = YES;
				CLANG_WARN_ENUM_CONVERSION = YES;
				CLANG_WARN_INT_CONVERSION = YES;
				CLANG_WARN_OBJC_ROOT_CLASS = YES_ERROR;
				CLANG_WARN_UNREACHABLE_CODE = YES;
				CLANG_WARN__DUPLICATE_METHOD_MATCH = YES;
				"CODE_SIGN_IDENTITY[sdk=iphoneos*]" = "iPhone Developer";
				COPY_PHASE_STRIP = YES;
				ENABLE_NS_ASSERTIONS = NO;
				ENABLE_STRICT_OBJC_MSGSEND = YES;
				GCC_C_LANGUAGE_STANDARD = gnu99;
				GCC_WARN_64_TO_32_BIT_CONVERSION = YES;
				GCC_WARN_ABOUT_RETURN_TYPE = YES_ERROR;
				GCC_WARN_UNDECLARED_SELECTOR = YES;
				GCC_WARN_UNINITIALIZED_AUTOS = YES_AGGRESSIVE;
				GCC_WARN_UNUSED_FUNCTION = YES;
				GCC_WARN_UNUSED_VARIABLE = YES;
				IPHONEOS_DEPLOYMENT_TARGET = 8.1;
				MTL_ENABLE_DEBUG_INFO = NO;
				SDKROOT = iphoneos;
				VALIDATE_PRODUCT = YES;
			};
			name = Release;
		};
		27FD166A1A0C4DB900689AB1 /* Debug */ = {
			isa = XCBuildConfiguration;
			buildSettings = {
				ASSETCATALOG_COMPILER_APPICON_NAME = AppIcon;
				INFOPLIST_FILE = errorCodes/Info.plist;
				LD_RUNPATH_SEARCH_PATHS = "$(inherited) @executable_path/Frameworks";
				PRODUCT_NAME = "$(TARGET_NAME)";
			};
			name = Debug;
		};
		27FD166B1A0C4DB900689AB1 /* Release */ = {
			isa = XCBuildConfiguration;
			buildSettings = {
				ASSETCATALOG_COMPILER_APPICON_NAME = AppIcon;
				INFOPLIST_FILE = errorCodes/Info.plist;
				LD_RUNPATH_SEARCH_PATHS = "$(inherited) @executable_path/Frameworks";
				PRODUCT_NAME = "$(TARGET_NAME)";
			};
			name = Release;
		};
		27FD166D1A0C4DB900689AB1 /* Debug */ = {
			isa = XCBuildConfiguration;
			buildSettings = {
				BUNDLE_LOADER = "$(TEST_HOST)";
				FRAMEWORK_SEARCH_PATHS = (
					"$(SDKROOT)/Developer/Library/Frameworks",
					"$(inherited)",
				);
				GCC_PREPROCESSOR_DEFINITIONS = (
					"DEBUG=1",
					"$(inherited)",
				);
				INFOPLIST_FILE = errorCodesTests/Info.plist;
				LD_RUNPATH_SEARCH_PATHS = "$(inherited) @executable_path/Frameworks @loader_path/Frameworks";
				PRODUCT_NAME = "$(TARGET_NAME)";
				TEST_HOST = "$(BUILT_PRODUCTS_DIR)/errorCodes.app/errorCodes";
			};
			name = Debug;
		};
		27FD166E1A0C4DB900689AB1 /* Release */ = {
			isa = XCBuildConfiguration;
			buildSettings = {
				BUNDLE_LOADER = "$(TEST_HOST)";
				FRAMEWORK_SEARCH_PATHS = (
					"$(SDKROOT)/Developer/Library/Frameworks",
					"$(inherited)",
				);
				INFOPLIST_FILE = errorCodesTests/Info.plist;
				LD_RUNPATH_SEARCH_PATHS = "$(inherited) @executable_path/Frameworks @loader_path/Frameworks";
				PRODUCT_NAME = "$(TARGET_NAME)";
				TEST_HOST = "$(BUILT_PRODUCTS_DIR)/errorCodes.app/errorCodes";
			};
			name = Release;
		};
/* End XCBuildConfiguration section */

/* Begin XCConfigurationList section */
		27FD16451A0C4DB900689AB1 /* Build configuration list for PBXProject "errorCodes" */ = {
			isa = XCConfigurationList;
			buildConfigurations = (
				27FD16671A0C4DB900689AB1 /* Debug */,
				27FD16681A0C4DB900689AB1 /* Release */,
			);
			defaultConfigurationIsVisible = 0;
			defaultConfigurationName = Release;
		};
		27FD16691A0C4DB900689AB1 /* Build configuration list for PBXNativeTarget "errorCodes" */ = {
			isa = XCConfigurationList;
			buildConfigurations = (
				27FD166A1A0C4DB900689AB1 /* Debug */,
				27FD166B1A0C4DB900689AB1 /* Release */,
			);
			defaultConfigurationIsVisible = 0;
		};
		27FD166C1A0C4DB900689AB1 /* Build configuration list for PBXNativeTarget "errorCodesTests" */ = {
			isa = XCConfigurationList;
			buildConfigurations = (
				27FD166D1A0C4DB900689AB1 /* Debug */,
				27FD166E1A0C4DB900689AB1 /* Release */,
			);
			defaultConfigurationIsVisible = 0;
		};
/* End XCConfigurationList section */
	};
	rootObject = 27FD16421A0C4DB900689AB1 /* Project object */;
}
