// !$*UTF8*$!
{
	archiveVersion = 1;
	classes = {
	};
	objectVersion = 46;
	objects = {

/* Begin PBXBuildFile section */
		276F4E3C1A0FC1E10076BE32 /* AppDelegate.swift in Sources */ = {isa = PBXBuildFile; fileRef = 276F4E3B1A0FC1E10076BE32 /* AppDelegate.swift */; };
		276F4E3F1A0FC1E10076BE32 /* MyLog.xcdatamodeld in Sources */ = {isa = PBXBuildFile; fileRef = 276F4E3D1A0FC1E10076BE32 /* MyLog.xcdatamodeld */; };
		276F4E411A0FC1E10076BE32 /* ViewController.swift in Sources */ = {isa = PBXBuildFile; fileRef = 276F4E401A0FC1E10076BE32 /* ViewController.swift */; };
		276F4E441A0FC1E20076BE32 /* Main.storyboard in Resources */ = {isa = PBXBuildFile; fileRef = 276F4E421A0FC1E20076BE32 /* Main.storyboard */; };
		276F4E461A0FC1E20076BE32 /* Images.xcassets in Resources */ = {isa = PBXBuildFile; fileRef = 276F4E451A0FC1E20076BE32 /* Images.xcassets */; };
		276F4E491A0FC1E20076BE32 /* LaunchScreen.xib in Resources */ = {isa = PBXBuildFile; fileRef = 276F4E471A0FC1E20076BE32 /* LaunchScreen.xib */; };
		276F4E551A0FC1E20076BE32 /* MyLogTests.swift in Sources */ = {isa = PBXBuildFile; fileRef = 276F4E541A0FC1E20076BE32 /* MyLogTests.swift */; };
/* End PBXBuildFile section */

/* Begin PBXContainerItemProxy section */
		276F4E4F1A0FC1E20076BE32 /* PBXContainerItemProxy */ = {
			isa = PBXContainerItemProxy;
			containerPortal = 276F4E2E1A0FC1E10076BE32 /* Project object */;
			proxyType = 1;
			remoteGlobalIDString = 276F4E351A0FC1E10076BE32;
			remoteInfo = MyLog;
		};
/* End PBXContainerItemProxy section */

/* Begin PBXFileReference section */
		276F4E361A0FC1E10076BE32 /* MyLog.app */ = {isa = PBXFileReference; explicitFileType = wrapper.application; includeInIndex = 0; path = MyLog.app; sourceTree = BUILT_PRODUCTS_DIR; };
		276F4E3A1A0FC1E10076BE32 /* Info.plist */ = {isa = PBXFileReference; lastKnownFileType = text.plist.xml; path = Info.plist; sourceTree = "<group>"; };
		276F4E3B1A0FC1E10076BE32 /* AppDelegate.swift */ = {isa = PBXFileReference; lastKnownFileType = sourcecode.swift; path = AppDelegate.swift; sourceTree = "<group>"; };
		276F4E3E1A0FC1E10076BE32 /* MyLog.xcdatamodel */ = {isa = PBXFileReference; lastKnownFileType = wrapper.xcdatamodel; path = MyLog.xcdatamodel; sourceTree = "<group>"; };
		276F4E401A0FC1E10076BE32 /* ViewController.swift */ = {isa = PBXFileReference; lastKnownFileType = sourcecode.swift; path = ViewController.swift; sourceTree = "<group>"; };
		276F4E431A0FC1E20076BE32 /* Base */ = {isa = PBXFileReference; lastKnownFileType = file.storyboard; name = Base; path = Base.lproj/Main.storyboard; sourceTree = "<group>"; };
		276F4E451A0FC1E20076BE32 /* Images.xcassets */ = {isa = PBXFileReference; lastKnownFileType = folder.assetcatalog; path = Images.xcassets; sourceTree = "<group>"; };
		276F4E481A0FC1E20076BE32 /* Base */ = {isa = PBXFileReference; lastKnownFileType = file.xib; name = Base; path = Base.lproj/LaunchScreen.xib; sourceTree = "<group>"; };
		276F4E4E1A0FC1E20076BE32 /* MyLogTests.xctest */ = {isa = PBXFileReference; explicitFileType = wrapper.cfbundle; includeInIndex = 0; path = MyLogTests.xctest; sourceTree = BUILT_PRODUCTS_DIR; };
		276F4E531A0FC1E20076BE32 /* Info.plist */ = {isa = PBXFileReference; lastKnownFileType = text.plist.xml; path = Info.plist; sourceTree = "<group>"; };
		276F4E541A0FC1E20076BE32 /* MyLogTests.swift */ = {isa = PBXFileReference; lastKnownFileType = sourcecode.swift; path = MyLogTests.swift; sourceTree = "<group>"; };
/* End PBXFileReference section */

/* Begin PBXFrameworksBuildPhase section */
		276F4E331A0FC1E10076BE32 /* Frameworks */ = {
			isa = PBXFrameworksBuildPhase;
			buildActionMask = 2147483647;
			files = (
			);
			runOnlyForDeploymentPostprocessing = 0;
		};
		276F4E4B1A0FC1E20076BE32 /* Frameworks */ = {
			isa = PBXFrameworksBuildPhase;
			buildActionMask = 2147483647;
			files = (
			);
			runOnlyForDeploymentPostprocessing = 0;
		};
/* End PBXFrameworksBuildPhase section */

/* Begin PBXGroup section */
		276F4E2D1A0FC1E10076BE32 = {
			isa = PBXGroup;
			children = (
				276F4E381A0FC1E10076BE32 /* MyLog */,
				276F4E511A0FC1E20076BE32 /* MyLogTests */,
				276F4E371A0FC1E10076BE32 /* Products */,
			);
			sourceTree = "<group>";
		};
		276F4E371A0FC1E10076BE32 /* Products */ = {
			isa = PBXGroup;
			children = (
				276F4E361A0FC1E10076BE32 /* MyLog.app */,
				276F4E4E1A0FC1E20076BE32 /* MyLogTests.xctest */,
			);
			name = Products;
			sourceTree = "<group>";
		};
		276F4E381A0FC1E10076BE32 /* MyLog */ = {
			isa = PBXGroup;
			children = (
				276F4E3B1A0FC1E10076BE32 /* AppDelegate.swift */,
				276F4E401A0FC1E10076BE32 /* ViewController.swift */,
				276F4E421A0FC1E20076BE32 /* Main.storyboard */,
				276F4E451A0FC1E20076BE32 /* Images.xcassets */,
				276F4E471A0FC1E20076BE32 /* LaunchScreen.xib */,
				276F4E3D1A0FC1E10076BE32 /* MyLog.xcdatamodeld */,
				276F4E391A0FC1E10076BE32 /* Supporting Files */,
			);
			path = MyLog;
			sourceTree = "<group>";
		};
		276F4E391A0FC1E10076BE32 /* Supporting Files */ = {
			isa = PBXGroup;
			children = (
				276F4E3A1A0FC1E10076BE32 /* Info.plist */,
			);
			name = "Supporting Files";
			sourceTree = "<group>";
		};
		276F4E511A0FC1E20076BE32 /* MyLogTests */ = {
			isa = PBXGroup;
			children = (
				276F4E541A0FC1E20076BE32 /* MyLogTests.swift */,
				276F4E521A0FC1E20076BE32 /* Supporting Files */,
			);
			path = MyLogTests;
			sourceTree = "<group>";
		};
		276F4E521A0FC1E20076BE32 /* Supporting Files */ = {
			isa = PBXGroup;
			children = (
				276F4E531A0FC1E20076BE32 /* Info.plist */,
			);
			name = "Supporting Files";
			sourceTree = "<group>";
		};
/* End PBXGroup section */

/* Begin PBXNativeTarget section */
		276F4E351A0FC1E10076BE32 /* MyLog */ = {
			isa = PBXNativeTarget;
			buildConfigurationList = 276F4E581A0FC1E20076BE32 /* Build configuration list for PBXNativeTarget "MyLog" */;
			buildPhases = (
				276F4E321A0FC1E10076BE32 /* Sources */,
				276F4E331A0FC1E10076BE32 /* Frameworks */,
				276F4E341A0FC1E10076BE32 /* Resources */,
			);
			buildRules = (
			);
			dependencies = (
			);
			name = MyLog;
			productName = MyLog;
			productReference = 276F4E361A0FC1E10076BE32 /* MyLog.app */;
			productType = "com.apple.product-type.application";
		};
		276F4E4D1A0FC1E20076BE32 /* MyLogTests */ = {
			isa = PBXNativeTarget;
			buildConfigurationList = 276F4E5B1A0FC1E20076BE32 /* Build configuration list for PBXNativeTarget "MyLogTests" */;
			buildPhases = (
				276F4E4A1A0FC1E20076BE32 /* Sources */,
				276F4E4B1A0FC1E20076BE32 /* Frameworks */,
				276F4E4C1A0FC1E20076BE32 /* Resources */,
			);
			buildRules = (
			);
			dependencies = (
				276F4E501A0FC1E20076BE32 /* PBXTargetDependency */,
			);
			name = MyLogTests;
			productName = MyLogTests;
			productReference = 276F4E4E1A0FC1E20076BE32 /* MyLogTests.xctest */;
			productType = "com.apple.product-type.bundle.unit-test";
		};
/* End PBXNativeTarget section */

/* Begin PBXProject section */
		276F4E2E1A0FC1E10076BE32 /* Project object */ = {
			isa = PBXProject;
			attributes = {
				LastUpgradeCheck = 0610;
				ORGANIZATIONNAME = "Tanveer Bashir";
				TargetAttributes = {
					276F4E351A0FC1E10076BE32 = {
						CreatedOnToolsVersion = 6.1;
					};
					276F4E4D1A0FC1E20076BE32 = {
						CreatedOnToolsVersion = 6.1;
						TestTargetID = 276F4E351A0FC1E10076BE32;
					};
				};
			};
			buildConfigurationList = 276F4E311A0FC1E10076BE32 /* Build configuration list for PBXProject "MyLog" */;
			compatibilityVersion = "Xcode 3.2";
			developmentRegion = English;
			hasScannedForEncodings = 0;
			knownRegions = (
				en,
				Base,
			);
			mainGroup = 276F4E2D1A0FC1E10076BE32;
			productRefGroup = 276F4E371A0FC1E10076BE32 /* Products */;
			projectDirPath = "";
			projectRoot = "";
			targets = (
				276F4E351A0FC1E10076BE32 /* MyLog */,
				276F4E4D1A0FC1E20076BE32 /* MyLogTests */,
			);
		};
/* End PBXProject section */

/* Begin PBXResourcesBuildPhase section */
		276F4E341A0FC1E10076BE32 /* Resources */ = {
			isa = PBXResourcesBuildPhase;
			buildActionMask = 2147483647;
			files = (
				276F4E441A0FC1E20076BE32 /* Main.storyboard in Resources */,
				276F4E491A0FC1E20076BE32 /* LaunchScreen.xib in Resources */,
				276F4E461A0FC1E20076BE32 /* Images.xcassets in Resources */,
			);
			runOnlyForDeploymentPostprocessing = 0;
		};
		276F4E4C1A0FC1E20076BE32 /* Resources */ = {
			isa = PBXResourcesBuildPhase;
			buildActionMask = 2147483647;
			files = (
			);
			runOnlyForDeploymentPostprocessing = 0;
		};
/* End PBXResourcesBuildPhase section */

/* Begin PBXSourcesBuildPhase section */
		276F4E321A0FC1E10076BE32 /* Sources */ = {
			isa = PBXSourcesBuildPhase;
			buildActionMask = 2147483647;
			files = (
				276F4E411A0FC1E10076BE32 /* ViewController.swift in Sources */,
				276F4E3F1A0FC1E10076BE32 /* MyLog.xcdatamodeld in Sources */,
				276F4E3C1A0FC1E10076BE32 /* AppDelegate.swift in Sources */,
			);
			runOnlyForDeploymentPostprocessing = 0;
		};
		276F4E4A1A0FC1E20076BE32 /* Sources */ = {
			isa = PBXSourcesBuildPhase;
			buildActionMask = 2147483647;
			files = (
				276F4E551A0FC1E20076BE32 /* MyLogTests.swift in Sources */,
			);
			runOnlyForDeploymentPostprocessing = 0;
		};
/* End PBXSourcesBuildPhase section */

/* Begin PBXTargetDependency section */
		276F4E501A0FC1E20076BE32 /* PBXTargetDependency */ = {
			isa = PBXTargetDependency;
			target = 276F4E351A0FC1E10076BE32 /* MyLog */;
			targetProxy = 276F4E4F1A0FC1E20076BE32 /* PBXContainerItemProxy */;
		};
/* End PBXTargetDependency section */

/* Begin PBXVariantGroup section */
		276F4E421A0FC1E20076BE32 /* Main.storyboard */ = {
			isa = PBXVariantGroup;
			children = (
				276F4E431A0FC1E20076BE32 /* Base */,
			);
			name = Main.storyboard;
			sourceTree = "<group>";
		};
		276F4E471A0FC1E20076BE32 /* LaunchScreen.xib */ = {
			isa = PBXVariantGroup;
			children = (
				276F4E481A0FC1E20076BE32 /* Base */,
			);
			name = LaunchScreen.xib;
			sourceTree = "<group>";
		};
/* End PBXVariantGroup section */

/* Begin XCBuildConfiguration section */
		276F4E561A0FC1E20076BE32 /* Debug */ = {
			isa = XCBuildConfiguration;
			buildSettings = {
				ALWAYS_SEARCH_USER_PATHS = NO;
				CLANG_CXX_LANGUAGE_STANDARD = "gnu++0x";
				CLANG_CXX_LIBRARY = "libc++";
				CLANG_ENABLE_MODULES = YES;
				CLANG_ENABLE_OBJC_ARC = YES;
				CLANG_WARN_BOOL_CONVERSION = YES;
				CLANG_WARN_CONSTANT_CONVERSION = YES;
				CLANG_WARN_DIRECT_OBJC_ISA_USAGE = YES_ERROR;
				CLANG_WARN_EMPTY_BODY = YES;
				CLANG_WARN_ENUM_CONVERSION = YES;
				CLANG_WARN_INT_CONVERSION = YES;
				CLANG_WARN_OBJC_ROOT_CLASS = YES_ERROR;
				CLANG_WARN_UNREACHABLE_CODE = YES;
				CLANG_WARN__DUPLICATE_METHOD_MATCH = YES;
				"CODE_SIGN_IDENTITY[sdk=iphoneos*]" = "iPhone Developer";
				COPY_PHASE_STRIP = NO;
				ENABLE_STRICT_OBJC_MSGSEND = YES;
				GCC_C_LANGUAGE_STANDARD = gnu99;
				GCC_DYNAMIC_NO_PIC = NO;
				GCC_OPTIMIZATION_LEVEL = 0;
				GCC_PREPROCESSOR_DEFINITIONS = (
					"DEBUG=1",
					"$(inherited)",
				);
				GCC_SYMBOLS_PRIVATE_EXTERN = NO;
				GCC_WARN_64_TO_32_BIT_CONVERSION = YES;
				GCC_WARN_ABOUT_RETURN_TYPE = YES_ERROR;
				GCC_WARN_UNDECLARED_SELECTOR = YES;
				GCC_WARN_UNINITIALIZED_AUTOS = YES_AGGRESSIVE;
				GCC_WARN_UNUSED_FUNCTION = YES;
				GCC_WARN_UNUSED_VARIABLE = YES;
				IPHONEOS_DEPLOYMENT_TARGET = 8.1;
				MTL_ENABLE_DEBUG_INFO = YES;
				ONLY_ACTIVE_ARCH = YES;
				SDKROOT = iphoneos;
				SWIFT_OPTIMIZATION_LEVEL = "-Onone";
			};
			name = Debug;
		};
		276F4E571A0FC1E20076BE32 /* Release */ = {
			isa = XCBuildConfiguration;
			buildSettings = {
				ALWAYS_SEARCH_USER_PATHS = NO;
				CLANG_CXX_LANGUAGE_STANDARD = "gnu++0x";
				CLANG_CXX_LIBRARY = "libc++";
				CLANG_ENABLE_MODULES = YES;
				CLANG_ENABLE_OBJC_ARC = YES;
				CLANG_WARN_BOOL_CONVERSION = YES;
				CLANG_WARN_CONSTANT_CONVERSION = YES;
				CLANG_WARN_DIRECT_OBJC_ISA_USAGE = YES_ERROR;
				CLANG_WARN_EMPTY_BODY = YES;
				CLANG_WARN_ENUM_CONVERSION = YES;
				CLANG_WARN_INT_CONVERSION = YES;
				CLANG_WARN_OBJC_ROOT_CLASS = YES_ERROR;
				CLANG_WARN_UNREACHABLE_CODE = YES;
				CLANG_WARN__DUPLICATE_METHOD_MATCH = YES;
				"CODE_SIGN_IDENTITY[sdk=iphoneos*]" = "iPhone Developer";
				COPY_PHASE_STRIP = YES;
				ENABLE_NS_ASSERTIONS = NO;
				ENABLE_STRICT_OBJC_MSGSEND = YES;
				GCC_C_LANGUAGE_STANDARD = gnu99;
				GCC_WARN_64_TO_32_BIT_CONVERSION = YES;
				GCC_WARN_ABOUT_RETURN_TYPE = YES_ERROR;
				GCC_WARN_UNDECLARED_SELECTOR = YES;
				GCC_WARN_UNINITIALIZED_AUTOS = YES_AGGRESSIVE;
				GCC_WARN_UNUSED_FUNCTION = YES;
				GCC_WARN_UNUSED_VARIABLE = YES;
				IPHONEOS_DEPLOYMENT_TARGET = 8.1;
				MTL_ENABLE_DEBUG_INFO = NO;
				SDKROOT = iphoneos;
				VALIDATE_PRODUCT = YES;
			};
			name = Release;
		};
		276F4E591A0FC1E20076BE32 /* Debug */ = {
			isa = XCBuildConfiguration;
			buildSettings = {
				ASSETCATALOG_COMPILER_APPICON_NAME = AppIcon;
				INFOPLIST_FILE = MyLog/Info.plist;
				LD_RUNPATH_SEARCH_PATHS = "$(inherited) @executable_path/Frameworks";
				PRODUCT_NAME = "$(TARGET_NAME)";
			};
			name = Debug;
		};
		276F4E5A1A0FC1E20076BE32 /* Release */ = {
			isa = XCBuildConfiguration;
			buildSettings = {
				ASSETCATALOG_COMPILER_APPICON_NAME = AppIcon;
				INFOPLIST_FILE = MyLog/Info.plist;
				LD_RUNPATH_SEARCH_PATHS = "$(inherited) @executable_path/Frameworks";
				PRODUCT_NAME = "$(TARGET_NAME)";
			};
			name = Release;
		};
		276F4E5C1A0FC1E20076BE32 /* Debug */ = {
			isa = XCBuildConfiguration;
			buildSettings = {
				BUNDLE_LOADER = "$(TEST_HOST)";
				FRAMEWORK_SEARCH_PATHS = (
					"$(SDKROOT)/Developer/Library/Frameworks",
					"$(inherited)",
				);
				GCC_PREPROCESSOR_DEFINITIONS = (
					"DEBUG=1",
					"$(inherited)",
				);
				INFOPLIST_FILE = MyLogTests/Info.plist;
				LD_RUNPATH_SEARCH_PATHS = "$(inherited) @executable_path/Frameworks @loader_path/Frameworks";
				PRODUCT_NAME = "$(TARGET_NAME)";
				TEST_HOST = "$(BUILT_PRODUCTS_DIR)/MyLog.app/MyLog";
			};
			name = Debug;
		};
		276F4E5D1A0FC1E20076BE32 /* Release */ = {
			isa = XCBuildConfiguration;
			buildSettings = {
				BUNDLE_LOADER = "$(TEST_HOST)";
				FRAMEWORK_SEARCH_PATHS = (
					"$(SDKROOT)/Developer/Library/Frameworks",
					"$(inherited)",
				);
				INFOPLIST_FILE = MyLogTests/Info.plist;
				LD_RUNPATH_SEARCH_PATHS = "$(inherited) @executable_path/Frameworks @loader_path/Frameworks";
				PRODUCT_NAME = "$(TARGET_NAME)";
				TEST_HOST = "$(BUILT_PRODUCTS_DIR)/MyLog.app/MyLog";
			};
			name = Release;
		};
/* End XCBuildConfiguration section */

/* Begin XCConfigurationList section */
		276F4E311A0FC1E10076BE32 /* Build configuration list for PBXProject "MyLog" */ = {
			isa = XCConfigurationList;
			buildConfigurations = (
				276F4E561A0FC1E20076BE32 /* Debug */,
				276F4E571A0FC1E20076BE32 /* Release */,
			);
			defaultConfigurationIsVisible = 0;
			defaultConfigurationName = Release;
		};
		276F4E581A0FC1E20076BE32 /* Build configuration list for PBXNativeTarget "MyLog" */ = {
			isa = XCConfigurationList;
			buildConfigurations = (
				276F4E591A0FC1E20076BE32 /* Debug */,
				276F4E5A1A0FC1E20076BE32 /* Release */,
			);
			defaultConfigurationIsVisible = 0;
		};
		276F4E5B1A0FC1E20076BE32 /* Build configuration list for PBXNativeTarget "MyLogTests" */ = {
			isa = XCConfigurationList;
			buildConfigurations = (
				276F4E5C1A0FC1E20076BE32 /* Debug */,
				276F4E5D1A0FC1E20076BE32 /* Release */,
			);
			defaultConfigurationIsVisible = 0;
		};
/* End XCConfigurationList section */

/* Begin XCVersionGroup section */
		276F4E3D1A0FC1E10076BE32 /* MyLog.xcdatamodeld */ = {
			isa = XCVersionGroup;
			children = (
				276F4E3E1A0FC1E10076BE32 /* MyLog.xcdatamodel */,
			);
			currentVersion = 276F4E3E1A0FC1E10076BE32 /* MyLog.xcdatamodel */;
			path = MyLog.xcdatamodeld;
			sourceTree = "<group>";
			versionGroupType = wrapper.xcdatamodel;
		};
/* End XCVersionGroup section */
	};
	rootObject = 276F4E2E1A0FC1E10076BE32 /* Project object */;
}
