// !$*UTF8*$!
{
	archiveVersion = 1;
	classes = {
	};
	objectVersion = 46;
	objects = {

/* Begin PBXBuildFile section */
		27FD16E21A0E8EB200689AB1 /* AppDelegate.swift in Sources */ = {isa = PBXBuildFile; fileRef = 27FD16E11A0E8EB200689AB1 /* AppDelegate.swift */; };
		27FD16E41A0E8EB200689AB1 /* ViewController.swift in Sources */ = {isa = PBXBuildFile; fileRef = 27FD16E31A0E8EB200689AB1 /* ViewController.swift */; };
		27FD16E71A0E8EB200689AB1 /* Main.storyboard in Resources */ = {isa = PBXBuildFile; fileRef = 27FD16E51A0E8EB200689AB1 /* Main.storyboard */; };
		27FD16E91A0E8EB200689AB1 /* Images.xcassets in Resources */ = {isa = PBXBuildFile; fileRef = 27FD16E81A0E8EB200689AB1 /* Images.xcassets */; };
		27FD16EC1A0E8EB200689AB1 /* LaunchScreen.xib in Resources */ = {isa = PBXBuildFile; fileRef = 27FD16EA1A0E8EB200689AB1 /* LaunchScreen.xib */; };
		27FD16F81A0E8EB200689AB1 /* TimeTrackerAppTests.swift in Sources */ = {isa = PBXBuildFile; fileRef = 27FD16F71A0E8EB200689AB1 /* TimeTrackerAppTests.swift */; };
		27FD17041A0EB99900689AB1 /* savedTimerTableViewController.swift in Sources */ = {isa = PBXBuildFile; fileRef = 27FD17031A0EB99900689AB1 /* savedTimerTableViewController.swift */; };
/* End PBXBuildFile section */

/* Begin PBXContainerItemProxy section */
		27FD16F21A0E8EB200689AB1 /* PBXContainerItemProxy */ = {
			isa = PBXContainerItemProxy;
			containerPortal = 27FD16D41A0E8EB200689AB1 /* Project object */;
			proxyType = 1;
			remoteGlobalIDString = 27FD16DB1A0E8EB200689AB1;
			remoteInfo = TimeTrackerApp;
		};
/* End PBXContainerItemProxy section */

/* Begin PBXFileReference section */
		27FD16DC1A0E8EB200689AB1 /* TimeTrackerApp.app */ = {isa = PBXFileReference; explicitFileType = wrapper.application; includeInIndex = 0; path = TimeTrackerApp.app; sourceTree = BUILT_PRODUCTS_DIR; };
		27FD16E01A0E8EB200689AB1 /* Info.plist */ = {isa = PBXFileReference; lastKnownFileType = text.plist.xml; path = Info.plist; sourceTree = "<group>"; };
		27FD16E11A0E8EB200689AB1 /* AppDelegate.swift */ = {isa = PBXFileReference; lastKnownFileType = sourcecode.swift; path = AppDelegate.swift; sourceTree = "<group>"; };
		27FD16E31A0E8EB200689AB1 /* ViewController.swift */ = {isa = PBXFileReference; lastKnownFileType = sourcecode.swift; path = ViewController.swift; sourceTree = "<group>"; };
		27FD16E61A0E8EB200689AB1 /* Base */ = {isa = PBXFileReference; lastKnownFileType = file.storyboard; name = Base; path = Base.lproj/Main.storyboard; sourceTree = "<group>"; };
		27FD16E81A0E8EB200689AB1 /* Images.xcassets */ = {isa = PBXFileReference; lastKnownFileType = folder.assetcatalog; path = Images.xcassets; sourceTree = "<group>"; };
		27FD16EB1A0E8EB200689AB1 /* Base */ = {isa = PBXFileReference; lastKnownFileType = file.xib; name = Base; path = Base.lproj/LaunchScreen.xib; sourceTree = "<group>"; };
		27FD16F11A0E8EB200689AB1 /* TimeTrackerAppTests.xctest */ = {isa = PBXFileReference; explicitFileType = wrapper.cfbundle; includeInIndex = 0; path = TimeTrackerAppTests.xctest; sourceTree = BUILT_PRODUCTS_DIR; };
		27FD16F61A0E8EB200689AB1 /* Info.plist */ = {isa = PBXFileReference; lastKnownFileType = text.plist.xml; path = Info.plist; sourceTree = "<group>"; };
		27FD16F71A0E8EB200689AB1 /* TimeTrackerAppTests.swift */ = {isa = PBXFileReference; lastKnownFileType = sourcecode.swift; path = TimeTrackerAppTests.swift; sourceTree = "<group>"; };
		27FD17031A0EB99900689AB1 /* savedTimerTableViewController.swift */ = {isa = PBXFileReference; fileEncoding = 4; lastKnownFileType = sourcecode.swift; path = savedTimerTableViewController.swift; sourceTree = "<group>"; };
/* End PBXFileReference section */

/* Begin PBXFrameworksBuildPhase section */
		27FD16D91A0E8EB200689AB1 /* Frameworks */ = {
			isa = PBXFrameworksBuildPhase;
			buildActionMask = 2147483647;
			files = (
			);
			runOnlyForDeploymentPostprocessing = 0;
		};
		27FD16EE1A0E8EB200689AB1 /* Frameworks */ = {
			isa = PBXFrameworksBuildPhase;
			buildActionMask = 2147483647;
			files = (
			);
			runOnlyForDeploymentPostprocessing = 0;
		};
/* End PBXFrameworksBuildPhase section */

/* Begin PBXGroup section */
		27FD16D31A0E8EB200689AB1 = {
			isa = PBXGroup;
			children = (
				27FD16DE1A0E8EB200689AB1 /* TimeTrackerApp */,
				27FD16F41A0E8EB200689AB1 /* TimeTrackerAppTests */,
				27FD16DD1A0E8EB200689AB1 /* Products */,
			);
			sourceTree = "<group>";
		};
		27FD16DD1A0E8EB200689AB1 /* Products */ = {
			isa = PBXGroup;
			children = (
				27FD16DC1A0E8EB200689AB1 /* TimeTrackerApp.app */,
				27FD16F11A0E8EB200689AB1 /* TimeTrackerAppTests.xctest */,
			);
			name = Products;
			sourceTree = "<group>";
		};
		27FD16DE1A0E8EB200689AB1 /* TimeTrackerApp */ = {
			isa = PBXGroup;
			children = (
				27FD16E11A0E8EB200689AB1 /* AppDelegate.swift */,
				27FD17031A0EB99900689AB1 /* savedTimerTableViewController.swift */,
				27FD16E31A0E8EB200689AB1 /* ViewController.swift */,
				27FD16E51A0E8EB200689AB1 /* Main.storyboard */,
				27FD16E81A0E8EB200689AB1 /* Images.xcassets */,
				27FD16EA1A0E8EB200689AB1 /* LaunchScreen.xib */,
				27FD16DF1A0E8EB200689AB1 /* Supporting Files */,
			);
			path = TimeTrackerApp;
			sourceTree = "<group>";
		};
		27FD16DF1A0E8EB200689AB1 /* Supporting Files */ = {
			isa = PBXGroup;
			children = (
				27FD16E01A0E8EB200689AB1 /* Info.plist */,
			);
			name = "Supporting Files";
			sourceTree = "<group>";
		};
		27FD16F41A0E8EB200689AB1 /* TimeTrackerAppTests */ = {
			isa = PBXGroup;
			children = (
				27FD16F71A0E8EB200689AB1 /* TimeTrackerAppTests.swift */,
				27FD16F51A0E8EB200689AB1 /* Supporting Files */,
			);
			path = TimeTrackerAppTests;
			sourceTree = "<group>";
		};
		27FD16F51A0E8EB200689AB1 /* Supporting Files */ = {
			isa = PBXGroup;
			children = (
				27FD16F61A0E8EB200689AB1 /* Info.plist */,
			);
			name = "Supporting Files";
			sourceTree = "<group>";
		};
/* End PBXGroup section */

/* Begin PBXNativeTarget section */
		27FD16DB1A0E8EB200689AB1 /* TimeTrackerApp */ = {
			isa = PBXNativeTarget;
			buildConfigurationList = 27FD16FB1A0E8EB200689AB1 /* Build configuration list for PBXNativeTarget "TimeTrackerApp" */;
			buildPhases = (
				27FD16D81A0E8EB200689AB1 /* Sources */,
				27FD16D91A0E8EB200689AB1 /* Frameworks */,
				27FD16DA1A0E8EB200689AB1 /* Resources */,
			);
			buildRules = (
			);
			dependencies = (
			);
			name = TimeTrackerApp;
			productName = TimeTrackerApp;
			productReference = 27FD16DC1A0E8EB200689AB1 /* TimeTrackerApp.app */;
			productType = "com.apple.product-type.application";
		};
		27FD16F01A0E8EB200689AB1 /* TimeTrackerAppTests */ = {
			isa = PBXNativeTarget;
			buildConfigurationList = 27FD16FE1A0E8EB200689AB1 /* Build configuration list for PBXNativeTarget "TimeTrackerAppTests" */;
			buildPhases = (
				27FD16ED1A0E8EB200689AB1 /* Sources */,
				27FD16EE1A0E8EB200689AB1 /* Frameworks */,
				27FD16EF1A0E8EB200689AB1 /* Resources */,
			);
			buildRules = (
			);
			dependencies = (
				27FD16F31A0E8EB200689AB1 /* PBXTargetDependency */,
			);
			name = TimeTrackerAppTests;
			productName = TimeTrackerAppTests;
			productReference = 27FD16F11A0E8EB200689AB1 /* TimeTrackerAppTests.xctest */;
			productType = "com.apple.product-type.bundle.unit-test";
		};
/* End PBXNativeTarget section */

/* Begin PBXProject section */
		27FD16D41A0E8EB200689AB1 /* Project object */ = {
			isa = PBXProject;
			attributes = {
				LastUpgradeCheck = 0610;
				ORGANIZATIONNAME = "Tanveer Bashir";
				TargetAttributes = {
					27FD16DB1A0E8EB200689AB1 = {
						CreatedOnToolsVersion = 6.1;
					};
					27FD16F01A0E8EB200689AB1 = {
						CreatedOnToolsVersion = 6.1;
						TestTargetID = 27FD16DB1A0E8EB200689AB1;
					};
				};
			};
			buildConfigurationList = 27FD16D71A0E8EB200689AB1 /* Build configuration list for PBXProject "TimeTrackerApp" */;
			compatibilityVersion = "Xcode 3.2";
			developmentRegion = English;
			hasScannedForEncodings = 0;
			knownRegions = (
				en,
				Base,
			);
			mainGroup = 27FD16D31A0E8EB200689AB1;
			productRefGroup = 27FD16DD1A0E8EB200689AB1 /* Products */;
			projectDirPath = "";
			projectRoot = "";
			targets = (
				27FD16DB1A0E8EB200689AB1 /* TimeTrackerApp */,
				27FD16F01A0E8EB200689AB1 /* TimeTrackerAppTests */,
			);
		};
/* End PBXProject section */

/* Begin PBXResourcesBuildPhase section */
		27FD16DA1A0E8EB200689AB1 /* Resources */ = {
			isa = PBXResourcesBuildPhase;
			buildActionMask = 2147483647;
			files = (
				27FD16E71A0E8EB200689AB1 /* Main.storyboard in Resources */,
				27FD16EC1A0E8EB200689AB1 /* LaunchScreen.xib in Resources */,
				27FD16E91A0E8EB200689AB1 /* Images.xcassets in Resources */,
			);
			runOnlyForDeploymentPostprocessing = 0;
		};
		27FD16EF1A0E8EB200689AB1 /* Resources */ = {
			isa = PBXResourcesBuildPhase;
			buildActionMask = 2147483647;
			files = (
			);
			runOnlyForDeploymentPostprocessing = 0;
		};
/* End PBXResourcesBuildPhase section */

/* Begin PBXSourcesBuildPhase section */
		27FD16D81A0E8EB200689AB1 /* Sources */ = {
			isa = PBXSourcesBuildPhase;
			buildActionMask = 2147483647;
			files = (
				27FD16E41A0E8EB200689AB1 /* ViewController.swift in Sources */,
				27FD16E21A0E8EB200689AB1 /* AppDelegate.swift in Sources */,
				27FD17041A0EB99900689AB1 /* savedTimerTableViewController.swift in Sources */,
			);
			runOnlyForDeploymentPostprocessing = 0;
		};
		27FD16ED1A0E8EB200689AB1 /* Sources */ = {
			isa = PBXSourcesBuildPhase;
			buildActionMask = 2147483647;
			files = (
				27FD16F81A0E8EB200689AB1 /* TimeTrackerAppTests.swift in Sources */,
			);
			runOnlyForDeploymentPostprocessing = 0;
		};
/* End PBXSourcesBuildPhase section */

/* Begin PBXTargetDependency section */
		27FD16F31A0E8EB200689AB1 /* PBXTargetDependency */ = {
			isa = PBXTargetDependency;
			target = 27FD16DB1A0E8EB200689AB1 /* TimeTrackerApp */;
			targetProxy = 27FD16F21A0E8EB200689AB1 /* PBXContainerItemProxy */;
		};
/* End PBXTargetDependency section */

/* Begin PBXVariantGroup section */
		27FD16E51A0E8EB200689AB1 /* Main.storyboard */ = {
			isa = PBXVariantGroup;
			children = (
				27FD16E61A0E8EB200689AB1 /* Base */,
			);
			name = Main.storyboard;
			sourceTree = "<group>";
		};
		27FD16EA1A0E8EB200689AB1 /* LaunchScreen.xib */ = {
			isa = PBXVariantGroup;
			children = (
				27FD16EB1A0E8EB200689AB1 /* Base */,
			);
			name = LaunchScreen.xib;
			sourceTree = "<group>";
		};
/* End PBXVariantGroup section */

/* Begin XCBuildConfiguration section */
		27FD16F91A0E8EB200689AB1 /* Debug */ = {
			isa = XCBuildConfiguration;
			buildSettings = {
				ALWAYS_SEARCH_USER_PATHS = NO;
				CLANG_CXX_LANGUAGE_STANDARD = "gnu++0x";
				CLANG_CXX_LIBRARY = "libc++";
				CLANG_ENABLE_MODULES = YES;
				CLANG_ENABLE_OBJC_ARC = YES;
				CLANG_WARN_BOOL_CONVERSION = YES;
				CLANG_WARN_CONSTANT_CONVERSION = YES;
				CLANG_WARN_DIRECT_OBJC_ISA_USAGE = YES_ERROR;
				CLANG_WARN_EMPTY_BODY = YES;
				CLANG_WARN_ENUM_CONVERSION = YES;
				CLANG_WARN_INT_CONVERSION = YES;
				CLANG_WARN_OBJC_ROOT_CLASS = YES_ERROR;
				CLANG_WARN_UNREACHABLE_CODE = YES;
				CLANG_WARN__DUPLICATE_METHOD_MATCH = YES;
				"CODE_SIGN_IDENTITY[sdk=iphoneos*]" = "iPhone Developer";
				COPY_PHASE_STRIP = NO;
				ENABLE_STRICT_OBJC_MSGSEND = YES;
				GCC_C_LANGUAGE_STANDARD = gnu99;
				GCC_DYNAMIC_NO_PIC = NO;
				GCC_OPTIMIZATION_LEVEL = 0;
				GCC_PREPROCESSOR_DEFINITIONS = (
					"DEBUG=1",
					"$(inherited)",
				);
				GCC_SYMBOLS_PRIVATE_EXTERN = NO;
				GCC_WARN_64_TO_32_BIT_CONVERSION = YES;
				GCC_WARN_ABOUT_RETURN_TYPE = YES_ERROR;
				GCC_WARN_UNDECLARED_SELECTOR = YES;
				GCC_WARN_UNINITIALIZED_AUTOS = YES_AGGRESSIVE;
				GCC_WARN_UNUSED_FUNCTION = YES;
				GCC_WARN_UNUSED_VARIABLE = YES;
				IPHONEOS_DEPLOYMENT_TARGET = 8.1;
				MTL_ENABLE_DEBUG_INFO = YES;
				ONLY_ACTIVE_ARCH = YES;
				SDKROOT = iphoneos;
				SWIFT_OPTIMIZATION_LEVEL = "-Onone";
			};
			name = Debug;
		};
		27FD16FA1A0E8EB200689AB1 /* Release */ = {
			isa = XCBuildConfiguration;
			buildSettings = {
				ALWAYS_SEARCH_USER_PATHS = NO;
				CLANG_CXX_LANGUAGE_STANDARD = "gnu++0x";
				CLANG_CXX_LIBRARY = "libc++";
				CLANG_ENABLE_MODULES = YES;
				CLANG_ENABLE_OBJC_ARC = YES;
				CLANG_WARN_BOOL_CONVERSION = YES;
				CLANG_WARN_CONSTANT_CONVERSION = YES;
				CLANG_WARN_DIRECT_OBJC_ISA_USAGE = YES_ERROR;
				CLANG_WARN_EMPTY_BODY = YES;
				CLANG_WARN_ENUM_CONVERSION = YES;
				CLANG_WARN_INT_CONVERSION = YES;
				CLANG_WARN_OBJC_ROOT_CLASS = YES_ERROR;
				CLANG_WARN_UNREACHABLE_CODE = YES;
				CLANG_WARN__DUPLICATE_METHOD_MATCH = YES;
				"CODE_SIGN_IDENTITY[sdk=iphoneos*]" = "iPhone Developer";
				COPY_PHASE_STRIP = YES;
				ENABLE_NS_ASSERTIONS = NO;
				ENABLE_STRICT_OBJC_MSGSEND = YES;
				GCC_C_LANGUAGE_STANDARD = gnu99;
				GCC_WARN_64_TO_32_BIT_CONVERSION = YES;
				GCC_WARN_ABOUT_RETURN_TYPE = YES_ERROR;
				GCC_WARN_UNDECLARED_SELECTOR = YES;
				GCC_WARN_UNINITIALIZED_AUTOS = YES_AGGRESSIVE;
				GCC_WARN_UNUSED_FUNCTION = YES;
				GCC_WARN_UNUSED_VARIABLE = YES;
				IPHONEOS_DEPLOYMENT_TARGET = 8.1;
				MTL_ENABLE_DEBUG_INFO = NO;
				SDKROOT = iphoneos;
				VALIDATE_PRODUCT = YES;
			};
			name = Release;
		};
		27FD16FC1A0E8EB200689AB1 /* Debug */ = {
			isa = XCBuildConfiguration;
			buildSettings = {
				ASSETCATALOG_COMPILER_APPICON_NAME = AppIcon;
				INFOPLIST_FILE = TimeTrackerApp/Info.plist;
				LD_RUNPATH_SEARCH_PATHS = "$(inherited) @executable_path/Frameworks";
				PRODUCT_NAME = "$(TARGET_NAME)";
			};
			name = Debug;
		};
		27FD16FD1A0E8EB200689AB1 /* Release */ = {
			isa = XCBuildConfiguration;
			buildSettings = {
				ASSETCATALOG_COMPILER_APPICON_NAME = AppIcon;
				INFOPLIST_FILE = TimeTrackerApp/Info.plist;
				LD_RUNPATH_SEARCH_PATHS = "$(inherited) @executable_path/Frameworks";
				PRODUCT_NAME = "$(TARGET_NAME)";
			};
			name = Release;
		};
		27FD16FF1A0E8EB200689AB1 /* Debug */ = {
			isa = XCBuildConfiguration;
			buildSettings = {
				BUNDLE_LOADER = "$(TEST_HOST)";
				FRAMEWORK_SEARCH_PATHS = (
					"$(SDKROOT)/Developer/Library/Frameworks",
					"$(inherited)",
				);
				GCC_PREPROCESSOR_DEFINITIONS = (
					"DEBUG=1",
					"$(inherited)",
				);
				INFOPLIST_FILE = TimeTrackerAppTests/Info.plist;
				LD_RUNPATH_SEARCH_PATHS = "$(inherited) @executable_path/Frameworks @loader_path/Frameworks";
				PRODUCT_NAME = "$(TARGET_NAME)";
				TEST_HOST = "$(BUILT_PRODUCTS_DIR)/TimeTrackerApp.app/TimeTrackerApp";
			};
			name = Debug;
		};
		27FD17001A0E8EB200689AB1 /* Release */ = {
			isa = XCBuildConfiguration;
			buildSettings = {
				BUNDLE_LOADER = "$(TEST_HOST)";
				FRAMEWORK_SEARCH_PATHS = (
					"$(SDKROOT)/Developer/Library/Frameworks",
					"$(inherited)",
				);
				INFOPLIST_FILE = TimeTrackerAppTests/Info.plist;
				LD_RUNPATH_SEARCH_PATHS = "$(inherited) @executable_path/Frameworks @loader_path/Frameworks";
				PRODUCT_NAME = "$(TARGET_NAME)";
				TEST_HOST = "$(BUILT_PRODUCTS_DIR)/TimeTrackerApp.app/TimeTrackerApp";
			};
			name = Release;
		};
/* End XCBuildConfiguration section */

/* Begin XCConfigurationList section */
		27FD16D71A0E8EB200689AB1 /* Build configuration list for PBXProject "TimeTrackerApp" */ = {
			isa = XCConfigurationList;
			buildConfigurations = (
				27FD16F91A0E8EB200689AB1 /* Debug */,
				27FD16FA1A0E8EB200689AB1 /* Release */,
			);
			defaultConfigurationIsVisible = 0;
			defaultConfigurationName = Release;
		};
		27FD16FB1A0E8EB200689AB1 /* Build configuration list for PBXNativeTarget "TimeTrackerApp" */ = {
			isa = XCConfigurationList;
			buildConfigurations = (
				27FD16FC1A0E8EB200689AB1 /* Debug */,
				27FD16FD1A0E8EB200689AB1 /* Release */,
			);
			defaultConfigurationIsVisible = 0;
		};
		27FD16FE1A0E8EB200689AB1 /* Build configuration list for PBXNativeTarget "TimeTrackerAppTests" */ = {
			isa = XCConfigurationList;
			buildConfigurations = (
				27FD16FF1A0E8EB200689AB1 /* Debug */,
				27FD17001A0E8EB200689AB1 /* Release */,
			);
			defaultConfigurationIsVisible = 0;
		};
/* End XCConfigurationList section */
	};
	rootObject = 27FD16D41A0E8EB200689AB1 /* Project object */;
}
